
Microsoft Visual Studio Solution File, Format Version 12.00
# Visual Studio Version 16
VisualStudioVersion = 16.0.30804.86
MinimumVisualStudioVersion = 10.0.40219.1
Project("{FAE04EC0-301F-11D3-BF4B-00C04F79EFBC}") = "Herkansing_Khadija-oop", "Herkansing_Khadija-oop\Herkansing_Khadija-oop.csproj", "{C3F0D909-A553-4FF2-851F-7F190C5EFD8E}"
EndProject
Global
	GlobalSection(SolutionConfigurationPlatforms) = preSolution
		Debug|Any CPU = Debug|Any CPU
		Release|Any CPU = Release|Any CPU
	EndGlobalSection
	GlobalSection(ProjectConfigurationPlatforms) = postSolution
		{C3F0D909-A553-4FF2-851F-7F190C5EFD8E}.Debug|Any CPU.ActiveCfg = Debug|Any CPU
		{C3F0D909-A553-4FF2-851F-7F190C5EFD8E}.Debug|Any CPU.Build.0 = Debug|Any CPU
		{C3F0D909-A553-4FF2-851F-7F190C5EFD8E}.Release|Any CPU.ActiveCfg = Release|Any CPU
		{C3F0D909-A553-4FF2-851F-7F190C5EFD8E}.Release|Any CPU.Build.0 = Release|Any CPU
	EndGlobalSection
	GlobalSection(SolutionProperties) = preSolution
		HideSolutionNode = FALSE
	EndGlobalSection
	GlobalSection(ExtensibilityGlobals) = postSolution
		SolutionGuid = {FC45F101-9653-4E04-95FB-FAA83714C3F6}
	EndGlobalSection
EndGlobal
